
Microsoft Visual Studio Solution File, Format Version 12.00
# Visual Studio 15
VisualStudioVersion = 15.0.26430.6
MinimumVisualStudioVersion = 10.0.40219.1
Project("{2150E333-8FDC-42A3-9474-1A3956D46DE8}") = "Apiservice", "Apiservice", "{FAA6B447-DAEB-4DD5-97A0-BE5ED82283A1}"
EndProject
Project("{2150E333-8FDC-42A3-9474-1A3956D46DE8}") = "UserInterface", "UserInterface", "{DE4408A4-0833-480C-BD1C-A7F274AFA166}"
EndProject
Project("{FAE04EC0-301F-11D3-BF4B-00C04F79EFBC}") = "CityViews", "CityViews\CityViews.csproj", "{8FBF462A-5736-4E67-BDBA-9072B386FAC3}"
EndProject
Project("{2150E333-8FDC-42A3-9474-1A3956D46DE8}") = "Reservoir", "Reservoir", "{3F866CE9-29AB-4D49-9B03-80D1989EF894}"
EndProject
Project("{FAE04EC0-301F-11D3-BF4B-00C04F79EFBC}") = "DataModel", "DataModel\DataModel.csproj", "{6363D43B-A86A-4FCA-8FC5-12B9EE7BF31C}"
EndProject
Project("{FAE04EC0-301F-11D3-BF4B-00C04F79EFBC}") = "Data", "Data\Data.csproj", "{DCF8FB01-76AB-4BC5-A99D-2BDC608CBF32}"
EndProject
Global
	GlobalSection(SolutionConfigurationPlatforms) = preSolution
		Debug|Any CPU = Debug|Any CPU
		Release|Any CPU = Release|Any CPU
	EndGlobalSection
	GlobalSection(ProjectConfigurationPlatforms) = postSolution
		{8FBF462A-5736-4E67-BDBA-9072B386FAC3}.Debug|Any CPU.ActiveCfg = Debug|Any CPU
		{8FBF462A-5736-4E67-BDBA-9072B386FAC3}.Debug|Any CPU.Build.0 = Debug|Any CPU
		{8FBF462A-5736-4E67-BDBA-9072B386FAC3}.Release|Any CPU.ActiveCfg = Release|Any CPU
		{8FBF462A-5736-4E67-BDBA-9072B386FAC3}.Release|Any CPU.Build.0 = Release|Any CPU
		{6363D43B-A86A-4FCA-8FC5-12B9EE7BF31C}.Debug|Any CPU.ActiveCfg = Debug|Any CPU
		{6363D43B-A86A-4FCA-8FC5-12B9EE7BF31C}.Debug|Any CPU.Build.0 = Debug|Any CPU
		{6363D43B-A86A-4FCA-8FC5-12B9EE7BF31C}.Release|Any CPU.ActiveCfg = Release|Any CPU
		{6363D43B-A86A-4FCA-8FC5-12B9EE7BF31C}.Release|Any CPU.Build.0 = Release|Any CPU
		{DCF8FB01-76AB-4BC5-A99D-2BDC608CBF32}.Debug|Any CPU.ActiveCfg = Debug|Any CPU
		{DCF8FB01-76AB-4BC5-A99D-2BDC608CBF32}.Debug|Any CPU.Build.0 = Debug|Any CPU
		{DCF8FB01-76AB-4BC5-A99D-2BDC608CBF32}.Release|Any CPU.ActiveCfg = Release|Any CPU
		{DCF8FB01-76AB-4BC5-A99D-2BDC608CBF32}.Release|Any CPU.Build.0 = Release|Any CPU
	EndGlobalSection
	GlobalSection(SolutionProperties) = preSolution
		HideSolutionNode = FALSE
	EndGlobalSection
	GlobalSection(NestedProjects) = preSolution
		{8FBF462A-5736-4E67-BDBA-9072B386FAC3} = {FAA6B447-DAEB-4DD5-97A0-BE5ED82283A1}
		{6363D43B-A86A-4FCA-8FC5-12B9EE7BF31C} = {3F866CE9-29AB-4D49-9B03-80D1989EF894}
		{DCF8FB01-76AB-4BC5-A99D-2BDC608CBF32} = {3F866CE9-29AB-4D49-9B03-80D1989EF894}
	EndGlobalSection
EndGlobal
